
Microsoft Visual Studio Solution File, Format Version 12.00
# Visual Studio Version 17
VisualStudioVersion = 17.14.36414.22
MinimumVisualStudioVersion = 10.0.40219.1
Project("{FAE04EC0-301F-11D3-BF4B-00C04F79EFBC}") = "TemplateProject", "TemplateProject\TemplateProject.csproj", "{0E3320DD-49AE-4A91-B9C2-99B62CD293AC}"
EndProject
Global
	GlobalSection(SolutionConfigurationPlatforms) = preSolution
		DB2019|Any CPU = DB2019|Any CPU
		DB2020|Any CPU = DB2020|Any CPU
		DB2021|Any CPU = DB2021|Any CPU
		DB2022|Any CPU = DB2022|Any CPU
		DB2023|Any CPU = DB2023|Any CPU
		DB2024|Any CPU = DB2024|Any CPU
		DB2025|Any CPU = DB2025|Any CPU
		DB2026|Any CPU = DB2026|Any CPU
		Debug|Any CPU = Debug|Any CPU
		Release|Any CPU = Release|Any CPU
		RL2019|Any CPU = RL2019|Any CPU
		RL2020|Any CPU = RL2020|Any CPU
		RL2021|Any CPU = RL2021|Any CPU
		RL2022|Any CPU = RL2022|Any CPU
		RL2023|Any CPU = RL2023|Any CPU
		RL2024|Any CPU = RL2024|Any CPU
		RL2025|Any CPU = RL2025|Any CPU
		RL2026|Any CPU = RL2026|Any CPU
	EndGlobalSection
	GlobalSection(ProjectConfigurationPlatforms) = postSolution
		{0E3320DD-49AE-4A91-B9C2-99B62CD293AC}.DB2019|Any CPU.ActiveCfg = DB2019|Any CPU
		{0E3320DD-49AE-4A91-B9C2-99B62CD293AC}.DB2019|Any CPU.Build.0 = DB2019|Any CPU
		{0E3320DD-49AE-4A91-B9C2-99B62CD293AC}.DB2020|Any CPU.ActiveCfg = DB2020|Any CPU
		{0E3320DD-49AE-4A91-B9C2-99B62CD293AC}.DB2020|Any CPU.Build.0 = DB2020|Any CPU
		{0E3320DD-49AE-4A91-B9C2-99B62CD293AC}.DB2021|Any CPU.ActiveCfg = DB2021|Any CPU
		{0E3320DD-49AE-4A91-B9C2-99B62CD293AC}.DB2021|Any CPU.Build.0 = DB2021|Any CPU
		{0E3320DD-49AE-4A91-B9C2-99B62CD293AC}.DB2022|Any CPU.ActiveCfg = Debug|Any CPU
		{0E3320DD-49AE-4A91-B9C2-99B62CD293AC}.DB2022|Any CPU.Build.0 = Debug|Any CPU
		{0E3320DD-49AE-4A91-B9C2-99B62CD293AC}.DB2023|Any CPU.ActiveCfg = DB2023|Any CPU
		{0E3320DD-49AE-4A91-B9C2-99B62CD293AC}.DB2023|Any CPU.Build.0 = DB2023|Any CPU
		{0E3320DD-49AE-4A91-B9C2-99B62CD293AC}.DB2024|Any CPU.ActiveCfg = DB2024|Any CPU
		{0E3320DD-49AE-4A91-B9C2-99B62CD293AC}.DB2024|Any CPU.Build.0 = DB2024|Any CPU
		{0E3320DD-49AE-4A91-B9C2-99B62CD293AC}.DB2025|Any CPU.ActiveCfg = DB2025|Any CPU
		{0E3320DD-49AE-4A91-B9C2-99B62CD293AC}.DB2025|Any CPU.Build.0 = DB2025|Any CPU
		{0E3320DD-49AE-4A91-B9C2-99B62CD293AC}.DB2026|Any CPU.ActiveCfg = DB2026|Any CPU
		{0E3320DD-49AE-4A91-B9C2-99B62CD293AC}.DB2026|Any CPU.Build.0 = DB2026|Any CPU
		{0E3320DD-49AE-4A91-B9C2-99B62CD293AC}.Debug|Any CPU.ActiveCfg = Debug|Any CPU
		{0E3320DD-49AE-4A91-B9C2-99B62CD293AC}.Debug|Any CPU.Build.0 = Debug|Any CPU
		{0E3320DD-49AE-4A91-B9C2-99B62CD293AC}.Release|Any CPU.ActiveCfg = Release|Any CPU
		{0E3320DD-49AE-4A91-B9C2-99B62CD293AC}.Release|Any CPU.Build.0 = Release|Any CPU
		{0E3320DD-49AE-4A91-B9C2-99B62CD293AC}.RL2019|Any CPU.ActiveCfg = RL2019|Any CPU
		{0E3320DD-49AE-4A91-B9C2-99B62CD293AC}.RL2019|Any CPU.Build.0 = RL2019|Any CPU
		{0E3320DD-49AE-4A91-B9C2-99B62CD293AC}.RL2020|Any CPU.ActiveCfg = RL2020|Any CPU
		{0E3320DD-49AE-4A91-B9C2-99B62CD293AC}.RL2020|Any CPU.Build.0 = RL2020|Any CPU
		{0E3320DD-49AE-4A91-B9C2-99B62CD293AC}.RL2021|Any CPU.ActiveCfg = RL2021|Any CPU
		{0E3320DD-49AE-4A91-B9C2-99B62CD293AC}.RL2021|Any CPU.Build.0 = RL2021|Any CPU
		{0E3320DD-49AE-4A91-B9C2-99B62CD293AC}.RL2022|Any CPU.ActiveCfg = RL2022|Any CPU
		{0E3320DD-49AE-4A91-B9C2-99B62CD293AC}.RL2022|Any CPU.Build.0 = RL2022|Any CPU
		{0E3320DD-49AE-4A91-B9C2-99B62CD293AC}.RL2023|Any CPU.ActiveCfg = RL2023|Any CPU
		{0E3320DD-49AE-4A91-B9C2-99B62CD293AC}.RL2023|Any CPU.Build.0 = RL2023|Any CPU
		{0E3320DD-49AE-4A91-B9C2-99B62CD293AC}.RL2024|Any CPU.ActiveCfg = RL2024|Any CPU
		{0E3320DD-49AE-4A91-B9C2-99B62CD293AC}.RL2024|Any CPU.Build.0 = RL2024|Any CPU
		{0E3320DD-49AE-4A91-B9C2-99B62CD293AC}.RL2025|Any CPU.ActiveCfg = RL2025|Any CPU
		{0E3320DD-49AE-4A91-B9C2-99B62CD293AC}.RL2025|Any CPU.Build.0 = RL2025|Any CPU
		{0E3320DD-49AE-4A91-B9C2-99B62CD293AC}.RL2026|Any CPU.ActiveCfg = RL2026|Any CPU
		{0E3320DD-49AE-4A91-B9C2-99B62CD293AC}.RL2026|Any CPU.Build.0 = RL2026|Any CPU
	EndGlobalSection
	GlobalSection(SolutionProperties) = preSolution
		HideSolutionNode = FALSE
	EndGlobalSection
	GlobalSection(ExtensibilityGlobals) = postSolution
		SolutionGuid = {C1864C24-7147-456B-A3FB-C8882ACDDEBA}
	EndGlobalSection
EndGlobal
